
Microsoft Visual Studio Solution File, Format Version 12.00
# Visual Studio Version 17
VisualStudioVersion = 17.3.32811.315
MinimumVisualStudioVersion = 10.0.40219.1
Project("{FAE04EC0-301F-11D3-BF4B-00C04F79EFBC}") = "Lesson13", "Lesson13\Lesson13.csproj", "{CF3C8596-D463-47E0-91CE-23E5143487B3}"
EndProject
Global
	GlobalSection(SolutionConfigurationPlatforms) = preSolution
		Debug|Any CPU = Debug|Any CPU
		Release|Any CPU = Release|Any CPU
	EndGlobalSection
	GlobalSection(ProjectConfigurationPlatforms) = postSolution
		{CF3C8596-D463-47E0-91CE-23E5143487B3}.Debug|Any CPU.ActiveCfg = Debug|Any CPU
		{CF3C8596-D463-47E0-91CE-23E5143487B3}.Debug|Any CPU.Build.0 = Debug|Any CPU
		{CF3C8596-D463-47E0-91CE-23E5143487B3}.Release|Any CPU.ActiveCfg = Release|Any CPU
		{CF3C8596-D463-47E0-91CE-23E5143487B3}.Release|Any CPU.Build.0 = Release|Any CPU
	EndGlobalSection
	GlobalSection(SolutionProperties) = preSolution
		HideSolutionNode = FALSE
	EndGlobalSection
	GlobalSection(ExtensibilityGlobals) = postSolution
		SolutionGuid = {A752DF36-06D0-4036-A8C4-BA294F03D45A}
	EndGlobalSection
EndGlobal
